// !$*UTF8*$!
{
	archiveVersion = 1;
	classes = {
	};
	objectVersion = 52;
	objects = {

/* Begin PBXBuildFile section */
		FE72739E2586E4BB00439DBC /* NimanderApp.swift in Sources */ = {isa = PBXBuildFile; fileRef = FE72739D2586E4BB00439DBC /* NimanderApp.swift */; };
		FE7273A22586E4BC00439DBC /* Assets.xcassets in Resources */ = {isa = PBXBuildFile; fileRef = FE7273A12586E4BC00439DBC /* Assets.xcassets */; };
		FE7273A52586E4BC00439DBC /* Preview Assets.xcassets in Resources */ = {isa = PBXBuildFile; fileRef = FE7273A42586E4BC00439DBC /* Preview Assets.xcassets */; };
		FE7273B12586E4BC00439DBC /* NimanderTests.swift in Sources */ = {isa = PBXBuildFile; fileRef = FE7273B02586E4BC00439DBC /* NimanderTests.swift */; };
		FE7273BC2586E4BC00439DBC /* NimanderUITests.swift in Sources */ = {isa = PBXBuildFile; fileRef = FE7273BB2586E4BC00439DBC /* NimanderUITests.swift */; };
		FE7273E02588308F00439DBC /* BookmarkSidebar.swift in Sources */ = {isa = PBXBuildFile; fileRef = FE7273DF2588308F00439DBC /* BookmarkSidebar.swift */; };
		FE7273E92588311F00439DBC /* BookmarkViewModel.swift in Sources */ = {isa = PBXBuildFile; fileRef = FE7273E82588311F00439DBC /* BookmarkViewModel.swift */; };
		FE7273F22588352F00439DBC /* BookmarkListView.swift in Sources */ = {isa = PBXBuildFile; fileRef = FE7273F12588352F00439DBC /* BookmarkListView.swift */; };
		FE7273F72588355A00439DBC /* BookmarkView.swift in Sources */ = {isa = PBXBuildFile; fileRef = FE7273F62588355A00439DBC /* BookmarkView.swift */; };
		FE8EA1202788CA81008BBCCD /* BookmarkClient in Frameworks */ = {isa = PBXBuildFile; productRef = FE8EA11F2788CA81008BBCCD /* BookmarkClient */; };
		FE9A8920278A1C8B001C95D7 /* URL+Extensions.swift in Sources */ = {isa = PBXBuildFile; fileRef = FE9A891F278A1C8B001C95D7 /* URL+Extensions.swift */; };
		FE9A8923278A1DCE001C95D7 /* URLOpener.swift in Sources */ = {isa = PBXBuildFile; fileRef = FE9A8922278A1DCE001C95D7 /* URLOpener.swift */; };
		FE9A8927278A2046001C95D7 /* Browser.swift in Sources */ = {isa = PBXBuildFile; fileRef = FE9A8926278A2046001C95D7 /* Browser.swift */; };
		FE9A8929278A20AF001C95D7 /* BookmarkState.swift in Sources */ = {isa = PBXBuildFile; fileRef = FE9A8928278A20AF001C95D7 /* BookmarkState.swift */; };
		FE9A892B278A2574001C95D7 /* BookmarkAction.swift in Sources */ = {isa = PBXBuildFile; fileRef = FE9A892A278A2574001C95D7 /* BookmarkAction.swift */; };
		FE9A892D278A269B001C95D7 /* BookmarkReducer.swift in Sources */ = {isa = PBXBuildFile; fileRef = FE9A892C278A269B001C95D7 /* BookmarkReducer.swift */; };
		FEEDF3B4278BB8600088EA52 /* RequestAuthorizationView.swift in Sources */ = {isa = PBXBuildFile; fileRef = FEEDF3B3278BB8600088EA52 /* RequestAuthorizationView.swift */; };
		FEEDF3B7278BB8E70088EA52 /* NSImage+Extensions.swift in Sources */ = {isa = PBXBuildFile; fileRef = FEEDF3B6278BB8E70088EA52 /* NSImage+Extensions.swift */; };
		FEEDF3B9278BC5940088EA52 /* BookmarkEnvironment.swift in Sources */ = {isa = PBXBuildFile; fileRef = FEEDF3B8278BC5940088EA52 /* BookmarkEnvironment.swift */; };
/* End PBXBuildFile section */

/* Begin PBXContainerItemProxy section */
		FE7273AD2586E4BC00439DBC /* PBXContainerItemProxy */ = {
			isa = PBXContainerItemProxy;
			containerPortal = FE7273922586E4BB00439DBC /* Project object */;
			proxyType = 1;
			remoteGlobalIDString = FE7273992586E4BB00439DBC;
			remoteInfo = Nimander;
		};
		FE7273B82586E4BC00439DBC /* PBXContainerItemProxy */ = {
			isa = PBXContainerItemProxy;
			containerPortal = FE7273922586E4BB00439DBC /* Project object */;
			proxyType = 1;
			remoteGlobalIDString = FE7273992586E4BB00439DBC;
			remoteInfo = Nimander;
		};
/* End PBXContainerItemProxy section */

/* Begin PBXFileReference section */
		FE72739A2586E4BB00439DBC /* Nimander.app */ = {isa = PBXFileReference; explicitFileType = wrapper.application; includeInIndex = 0; path = Nimander.app; sourceTree = BUILT_PRODUCTS_DIR; };
		FE72739D2586E4BB00439DBC /* NimanderApp.swift */ = {isa = PBXFileReference; lastKnownFileType = sourcecode.swift; path = NimanderApp.swift; sourceTree = "<group>"; };
		FE7273A12586E4BC00439DBC /* Assets.xcassets */ = {isa = PBXFileReference; lastKnownFileType = folder.assetcatalog; path = Assets.xcassets; sourceTree = "<group>"; };
		FE7273A42586E4BC00439DBC /* Preview Assets.xcassets */ = {isa = PBXFileReference; lastKnownFileType = folder.assetcatalog; path = "Preview Assets.xcassets"; sourceTree = "<group>"; };
		FE7273A62586E4BC00439DBC /* Info.plist */ = {isa = PBXFileReference; lastKnownFileType = text.plist.xml; path = Info.plist; sourceTree = "<group>"; };
		FE7273A72586E4BC00439DBC /* Nimander.entitlements */ = {isa = PBXFileReference; lastKnownFileType = text.plist.entitlements; path = Nimander.entitlements; sourceTree = "<group>"; };
		FE7273AC2586E4BC00439DBC /* NimanderTests.xctest */ = {isa = PBXFileReference; explicitFileType = wrapper.cfbundle; includeInIndex = 0; path = NimanderTests.xctest; sourceTree = BUILT_PRODUCTS_DIR; };
		FE7273B02586E4BC00439DBC /* NimanderTests.swift */ = {isa = PBXFileReference; lastKnownFileType = sourcecode.swift; path = NimanderTests.swift; sourceTree = "<group>"; };
		FE7273B22586E4BC00439DBC /* Info.plist */ = {isa = PBXFileReference; lastKnownFileType = text.plist.xml; path = Info.plist; sourceTree = "<group>"; };
		FE7273B72586E4BC00439DBC /* NimanderUITests.xctest */ = {isa = PBXFileReference; explicitFileType = wrapper.cfbundle; includeInIndex = 0; path = NimanderUITests.xctest; sourceTree = BUILT_PRODUCTS_DIR; };
		FE7273BB2586E4BC00439DBC /* NimanderUITests.swift */ = {isa = PBXFileReference; lastKnownFileType = sourcecode.swift; path = NimanderUITests.swift; sourceTree = "<group>"; };
		FE7273BD2586E4BC00439DBC /* Info.plist */ = {isa = PBXFileReference; lastKnownFileType = text.plist.xml; path = Info.plist; sourceTree = "<group>"; };
		FE7273DF2588308F00439DBC /* BookmarkSidebar.swift */ = {isa = PBXFileReference; lastKnownFileType = sourcecode.swift; path = BookmarkSidebar.swift; sourceTree = "<group>"; };
		FE7273E82588311F00439DBC /* BookmarkViewModel.swift */ = {isa = PBXFileReference; lastKnownFileType = sourcecode.swift; path = BookmarkViewModel.swift; sourceTree = "<group>"; };
		FE7273F12588352F00439DBC /* BookmarkListView.swift */ = {isa = PBXFileReference; lastKnownFileType = sourcecode.swift; path = BookmarkListView.swift; sourceTree = "<group>"; };
		FE7273F62588355A00439DBC /* BookmarkView.swift */ = {isa = PBXFileReference; lastKnownFileType = sourcecode.swift; path = BookmarkView.swift; sourceTree = "<group>"; };
		FE9A891F278A1C8B001C95D7 /* URL+Extensions.swift */ = {isa = PBXFileReference; lastKnownFileType = sourcecode.swift; path = "URL+Extensions.swift"; sourceTree = "<group>"; };
		FE9A8922278A1DCE001C95D7 /* URLOpener.swift */ = {isa = PBXFileReference; lastKnownFileType = sourcecode.swift; path = URLOpener.swift; sourceTree = "<group>"; };
		FE9A8926278A2046001C95D7 /* Browser.swift */ = {isa = PBXFileReference; lastKnownFileType = sourcecode.swift; path = Browser.swift; sourceTree = "<group>"; };
		FE9A8928278A20AF001C95D7 /* BookmarkState.swift */ = {isa = PBXFileReference; lastKnownFileType = sourcecode.swift; path = BookmarkState.swift; sourceTree = "<group>"; };
		FE9A892A278A2574001C95D7 /* BookmarkAction.swift */ = {isa = PBXFileReference; lastKnownFileType = sourcecode.swift; path = BookmarkAction.swift; sourceTree = "<group>"; };
		FE9A892C278A269B001C95D7 /* BookmarkReducer.swift */ = {isa = PBXFileReference; lastKnownFileType = sourcecode.swift; path = BookmarkReducer.swift; sourceTree = "<group>"; };
		FEEDF3B3278BB8600088EA52 /* RequestAuthorizationView.swift */ = {isa = PBXFileReference; lastKnownFileType = sourcecode.swift; path = RequestAuthorizationView.swift; sourceTree = "<group>"; };
		FEEDF3B6278BB8E70088EA52 /* NSImage+Extensions.swift */ = {isa = PBXFileReference; lastKnownFileType = sourcecode.swift; path = "NSImage+Extensions.swift"; sourceTree = "<group>"; };
		FEEDF3B8278BC5940088EA52 /* BookmarkEnvironment.swift */ = {isa = PBXFileReference; lastKnownFileType = sourcecode.swift; path = BookmarkEnvironment.swift; sourceTree = "<group>"; };
		FEEFD5972787D89F00180F74 /* SwiftUI.framework */ = {isa = PBXFileReference; lastKnownFileType = wrapper.framework; name = SwiftUI.framework; path = System/Library/Frameworks/SwiftUI.framework; sourceTree = SDKROOT; };
/* End PBXFileReference section */

/* Begin PBXFrameworksBuildPhase section */
		FE7273972586E4BB00439DBC /* Frameworks */ = {
			isa = PBXFrameworksBuildPhase;
			buildActionMask = 2147483647;
			files = (
				FE8EA1202788CA81008BBCCD /* BookmarkClient in Frameworks */,
			);
			runOnlyForDeploymentPostprocessing = 0;
		};
		FE7273A92586E4BC00439DBC /* Frameworks */ = {
			isa = PBXFrameworksBuildPhase;
			buildActionMask = 2147483647;
			files = (
			);
			runOnlyForDeploymentPostprocessing = 0;
		};
		FE7273B42586E4BC00439DBC /* Frameworks */ = {
			isa = PBXFrameworksBuildPhase;
			buildActionMask = 2147483647;
			files = (
			);
			runOnlyForDeploymentPostprocessing = 0;
		};
/* End PBXFrameworksBuildPhase section */

/* Begin PBXGroup section */
		FE7273912586E4BB00439DBC = {
			isa = PBXGroup;
			children = (
				FE72739C2586E4BB00439DBC /* Nimander */,
				FE7273AF2586E4BC00439DBC /* NimanderTests */,
				FE7273BA2586E4BC00439DBC /* NimanderUITests */,
				FE72739B2586E4BB00439DBC /* Products */,
				FE7273CF2586EC0600439DBC /* Frameworks */,
			);
			sourceTree = "<group>";
		};
		FE72739B2586E4BB00439DBC /* Products */ = {
			isa = PBXGroup;
			children = (
				FE72739A2586E4BB00439DBC /* Nimander.app */,
				FE7273AC2586E4BC00439DBC /* NimanderTests.xctest */,
				FE7273B72586E4BC00439DBC /* NimanderUITests.xctest */,
			);
			name = Products;
			sourceTree = "<group>";
		};
		FE72739C2586E4BB00439DBC /* Nimander */ = {
			isa = PBXGroup;
			children = (
				FE7273A72586E4BC00439DBC /* Nimander.entitlements */,
				FE7273A32586E4BC00439DBC /* Preview Content */,
				FE7273D42586EC2000439DBC /* Support */,
				FE7273D52586EC2A00439DBC /* Scenes */,
			);
			path = Nimander;
			sourceTree = "<group>";
		};
		FE7273A32586E4BC00439DBC /* Preview Content */ = {
			isa = PBXGroup;
			children = (
				FE7273A42586E4BC00439DBC /* Preview Assets.xcassets */,
			);
			path = "Preview Content";
			sourceTree = "<group>";
		};
		FE7273AF2586E4BC00439DBC /* NimanderTests */ = {
			isa = PBXGroup;
			children = (
				FE7273B02586E4BC00439DBC /* NimanderTests.swift */,
				FE7273B22586E4BC00439DBC /* Info.plist */,
			);
			path = NimanderTests;
			sourceTree = "<group>";
		};
		FE7273BA2586E4BC00439DBC /* NimanderUITests */ = {
			isa = PBXGroup;
			children = (
				FE7273BB2586E4BC00439DBC /* NimanderUITests.swift */,
				FE7273BD2586E4BC00439DBC /* Info.plist */,
			);
			path = NimanderUITests;
			sourceTree = "<group>";
		};
		FE7273CF2586EC0600439DBC /* Frameworks */ = {
			isa = PBXGroup;
			children = (
				FEEFD5972787D89F00180F74 /* SwiftUI.framework */,
			);
			name = Frameworks;
			sourceTree = "<group>";
		};
		FE7273D42586EC2000439DBC /* Support */ = {
			isa = PBXGroup;
			children = (
				FE7273A12586E4BC00439DBC /* Assets.xcassets */,
				FE7273A62586E4BC00439DBC /* Info.plist */,
			);
			path = Support;
			sourceTree = "<group>";
		};
		FE7273D52586EC2A00439DBC /* Scenes */ = {
			isa = PBXGroup;
			children = (
				FE7273D72586EC7F00439DBC /* Bookmarks */,
				FE7273D62586EC4C00439DBC /* App */,
			);
			path = Scenes;
			sourceTree = "<group>";
		};
		FE7273D62586EC4C00439DBC /* App */ = {
			isa = PBXGroup;
			children = (
				FEEDF3B5278BB8DB0088EA52 /* Extensions */,
				FE8EA11C2788C6F8008BBCCD /* Views */,
			);
			path = App;
			sourceTree = "<group>";
		};
		FE7273D72586EC7F00439DBC /* Bookmarks */ = {
			isa = PBXGroup;
			children = (
				FE9A8925278A203B001C95D7 /* Models */,
				FE9A8924278A201B001C95D7 /* BusinessLogic */,
				FE9A8921278A1DB6001C95D7 /* URLHandling */,
				FE7273DE2588308000439DBC /* Views */,
			);
			path = Bookmarks;
			sourceTree = "<group>";
		};
		FE7273DE2588308000439DBC /* Views */ = {
			isa = PBXGroup;
			children = (
				FE7273DF2588308F00439DBC /* BookmarkSidebar.swift */,
				FE7273F12588352F00439DBC /* BookmarkListView.swift */,
				FE7273F62588355A00439DBC /* BookmarkView.swift */,
				FEEDF3B3278BB8600088EA52 /* RequestAuthorizationView.swift */,
			);
			path = Views;
			sourceTree = "<group>";
		};
		FE8EA11C2788C6F8008BBCCD /* Views */ = {
			isa = PBXGroup;
			children = (
				FE72739D2586E4BB00439DBC /* NimanderApp.swift */,
			);
			path = Views;
			sourceTree = "<group>";
		};
		FE9A8921278A1DB6001C95D7 /* URLHandling */ = {
			isa = PBXGroup;
			children = (
				FE9A891F278A1C8B001C95D7 /* URL+Extensions.swift */,
				FE9A8922278A1DCE001C95D7 /* URLOpener.swift */,
			);
			path = URLHandling;
			sourceTree = "<group>";
		};
		FE9A8924278A201B001C95D7 /* BusinessLogic */ = {
			isa = PBXGroup;
			children = (
				FE7273E82588311F00439DBC /* BookmarkViewModel.swift */,
				FE9A8928278A20AF001C95D7 /* BookmarkState.swift */,
				FE9A892A278A2574001C95D7 /* BookmarkAction.swift */,
				FE9A892C278A269B001C95D7 /* BookmarkReducer.swift */,
				FEEDF3B8278BC5940088EA52 /* BookmarkEnvironment.swift */,
			);
			path = BusinessLogic;
			sourceTree = "<group>";
		};
		FE9A8925278A203B001C95D7 /* Models */ = {
			isa = PBXGroup;
			children = (
				FE9A8926278A2046001C95D7 /* Browser.swift */,
			);
			path = Models;
			sourceTree = "<group>";
		};
		FEEDF3B5278BB8DB0088EA52 /* Extensions */ = {
			isa = PBXGroup;
			children = (
				FEEDF3B6278BB8E70088EA52 /* NSImage+Extensions.swift */,
			);
			path = Extensions;
			sourceTree = "<group>";
		};
/* End PBXGroup section */

/* Begin PBXNativeTarget section */
		FE7273992586E4BB00439DBC /* Nimander */ = {
			isa = PBXNativeTarget;
			buildConfigurationList = FE7273C02586E4BC00439DBC /* Build configuration list for PBXNativeTarget "Nimander" */;
			buildPhases = (
				FE7273962586E4BB00439DBC /* Sources */,
				FE7273972586E4BB00439DBC /* Frameworks */,
				FE7273982586E4BB00439DBC /* Resources */,
			);
			buildRules = (
			);
			dependencies = (
			);
			name = Nimander;
			packageProductDependencies = (
				FE8EA11F2788CA81008BBCCD /* BookmarkClient */,
			);
			productName = Nimander;
			productReference = FE72739A2586E4BB00439DBC /* Nimander.app */;
			productType = "com.apple.product-type.application";
		};
		FE7273AB2586E4BC00439DBC /* NimanderTests */ = {
			isa = PBXNativeTarget;
			buildConfigurationList = FE7273C32586E4BC00439DBC /* Build configuration list for PBXNativeTarget "NimanderTests" */;
			buildPhases = (
				FE7273A82586E4BC00439DBC /* Sources */,
				FE7273A92586E4BC00439DBC /* Frameworks */,
				FE7273AA2586E4BC00439DBC /* Resources */,
			);
			buildRules = (
			);
			dependencies = (
				FE7273AE2586E4BC00439DBC /* PBXTargetDependency */,
			);
			name = NimanderTests;
			productName = NimanderTests;
			productReference = FE7273AC2586E4BC00439DBC /* NimanderTests.xctest */;
			productType = "com.apple.product-type.bundle.unit-test";
		};
		FE7273B62586E4BC00439DBC /* NimanderUITests */ = {
			isa = PBXNativeTarget;
			buildConfigurationList = FE7273C62586E4BC00439DBC /* Build configuration list for PBXNativeTarget "NimanderUITests" */;
			buildPhases = (
				FE7273B32586E4BC00439DBC /* Sources */,
				FE7273B42586E4BC00439DBC /* Frameworks */,
				FE7273B52586E4BC00439DBC /* Resources */,
			);
			buildRules = (
			);
			dependencies = (
				FE7273B92586E4BC00439DBC /* PBXTargetDependency */,
			);
			name = NimanderUITests;
			productName = NimanderUITests;
			productReference = FE7273B72586E4BC00439DBC /* NimanderUITests.xctest */;
			productType = "com.apple.product-type.bundle.ui-testing";
		};
/* End PBXNativeTarget section */

/* Begin PBXProject section */
		FE7273922586E4BB00439DBC /* Project object */ = {
			isa = PBXProject;
			attributes = {
				LastSwiftUpdateCheck = 1220;
				LastUpgradeCheck = 1220;
				TargetAttributes = {
					FE7273992586E4BB00439DBC = {
						CreatedOnToolsVersion = 12.2;
					};
					FE7273AB2586E4BC00439DBC = {
						CreatedOnToolsVersion = 12.2;
						TestTargetID = FE7273992586E4BB00439DBC;
					};
					FE7273B62586E4BC00439DBC = {
						CreatedOnToolsVersion = 12.2;
						TestTargetID = FE7273992586E4BB00439DBC;
					};
				};
			};
			buildConfigurationList = FE7273952586E4BB00439DBC /* Build configuration list for PBXProject "Nimander" */;
			compatibilityVersion = "Xcode 9.3";
			developmentRegion = en;
			hasScannedForEncodings = 0;
			knownRegions = (
				en,
				Base,
			);
			mainGroup = FE7273912586E4BB00439DBC;
			packageReferences = (
			);
			productRefGroup = FE72739B2586E4BB00439DBC /* Products */;
			projectDirPath = "";
			projectRoot = "";
			targets = (
				FE7273992586E4BB00439DBC /* Nimander */,
				FE7273AB2586E4BC00439DBC /* NimanderTests */,
				FE7273B62586E4BC00439DBC /* NimanderUITests */,
			);
		};
/* End PBXProject section */

/* Begin PBXResourcesBuildPhase section */
		FE7273982586E4BB00439DBC /* Resources */ = {
			isa = PBXResourcesBuildPhase;
			buildActionMask = 2147483647;
			files = (
				FE7273A52586E4BC00439DBC /* Preview Assets.xcassets in Resources */,
				FE7273A22586E4BC00439DBC /* Assets.xcassets in Resources */,
			);
			runOnlyForDeploymentPostprocessing = 0;
		};
		FE7273AA2586E4BC00439DBC /* Resources */ = {
			isa = PBXResourcesBuildPhase;
			buildActionMask = 2147483647;
			files = (
			);
			runOnlyForDeploymentPostprocessing = 0;
		};
		FE7273B52586E4BC00439DBC /* Resources */ = {
			isa = PBXResourcesBuildPhase;
			buildActionMask = 2147483647;
			files = (
			);
			runOnlyForDeploymentPostprocessing = 0;
		};
/* End PBXResourcesBuildPhase section */

/* Begin PBXSourcesBuildPhase section */
		FE7273962586E4BB00439DBC /* Sources */ = {
			isa = PBXSourcesBuildPhase;
			buildActionMask = 2147483647;
			files = (
				FE7273F72588355A00439DBC /* BookmarkView.swift in Sources */,
				FE9A8920278A1C8B001C95D7 /* URL+Extensions.swift in Sources */,
				FEEDF3B4278BB8600088EA52 /* RequestAuthorizationView.swift in Sources */,
				FE7273E02588308F00439DBC /* BookmarkSidebar.swift in Sources */,
				FE9A892D278A269B001C95D7 /* BookmarkReducer.swift in Sources */,
				FE9A892B278A2574001C95D7 /* BookmarkAction.swift in Sources */,
				FE7273F22588352F00439DBC /* BookmarkListView.swift in Sources */,
				FE9A8929278A20AF001C95D7 /* BookmarkState.swift in Sources */,
				FE9A8927278A2046001C95D7 /* Browser.swift in Sources */,
				FE7273E92588311F00439DBC /* BookmarkViewModel.swift in Sources */,
				FEEDF3B7278BB8E70088EA52 /* NSImage+Extensions.swift in Sources */,
				FEEDF3B9278BC5940088EA52 /* BookmarkEnvironment.swift in Sources */,
				FE72739E2586E4BB00439DBC /* NimanderApp.swift in Sources */,
				FE9A8923278A1DCE001C95D7 /* URLOpener.swift in Sources */,
			);
			runOnlyForDeploymentPostprocessing = 0;
		};
		FE7273A82586E4BC00439DBC /* Sources */ = {
			isa = PBXSourcesBuildPhase;
			buildActionMask = 2147483647;
			files = (
				FE7273B12586E4BC00439DBC /* NimanderTests.swift in Sources */,
			);
			runOnlyForDeploymentPostprocessing = 0;
		};
		FE7273B32586E4BC00439DBC /* Sources */ = {
			isa = PBXSourcesBuildPhase;
			buildActionMask = 2147483647;
			files = (
				FE7273BC2586E4BC00439DBC /* NimanderUITests.swift in Sources */,
			);
			runOnlyForDeploymentPostprocessing = 0;
		};
/* End PBXSourcesBuildPhase section */

/* Begin PBXTargetDependency section */
		FE7273AE2586E4BC00439DBC /* PBXTargetDependency */ = {
			isa = PBXTargetDependency;
			target = FE7273992586E4BB00439DBC /* Nimander */;
			targetProxy = FE7273AD2586E4BC00439DBC /* PBXContainerItemProxy */;
		};
		FE7273B92586E4BC00439DBC /* PBXTargetDependency */ = {
			isa = PBXTargetDependency;
			target = FE7273992586E4BB00439DBC /* Nimander */;
			targetProxy = FE7273B82586E4BC00439DBC /* PBXContainerItemProxy */;
		};
/* End PBXTargetDependency section */

/* Begin XCBuildConfiguration section */
		FE7273BE2586E4BC00439DBC /* Debug */ = {
			isa = XCBuildConfiguration;
			buildSettings = {
				ALWAYS_SEARCH_USER_PATHS = NO;
				CLANG_ANALYZER_NONNULL = YES;
				CLANG_ANALYZER_NUMBER_OBJECT_CONVERSION = YES_AGGRESSIVE;
				CLANG_CXX_LANGUAGE_STANDARD = "gnu++14";
				CLANG_CXX_LIBRARY = "libc++";
				CLANG_ENABLE_MODULES = YES;
				CLANG_ENABLE_OBJC_ARC = YES;
				CLANG_ENABLE_OBJC_WEAK = YES;
				CLANG_WARN_BLOCK_CAPTURE_AUTORELEASING = YES;
				CLANG_WARN_BOOL_CONVERSION = YES;
				CLANG_WARN_COMMA = YES;
				CLANG_WARN_CONSTANT_CONVERSION = YES;
				CLANG_WARN_DEPRECATED_OBJC_IMPLEMENTATIONS = YES;
				CLANG_WARN_DIRECT_OBJC_ISA_USAGE = YES_ERROR;
				CLANG_WARN_DOCUMENTATION_COMMENTS = YES;
				CLANG_WARN_EMPTY_BODY = YES;
				CLANG_WARN_ENUM_CONVERSION = YES;
				CLANG_WARN_INFINITE_RECURSION = YES;
				CLANG_WARN_INT_CONVERSION = YES;
				CLANG_WARN_NON_LITERAL_NULL_CONVERSION = YES;
				CLANG_WARN_OBJC_IMPLICIT_RETAIN_SELF = YES;
				CLANG_WARN_OBJC_LITERAL_CONVERSION = YES;
				CLANG_WARN_OBJC_ROOT_CLASS = YES_ERROR;
				CLANG_WARN_QUOTED_INCLUDE_IN_FRAMEWORK_HEADER = YES;
				CLANG_WARN_RANGE_LOOP_ANALYSIS = YES;
				CLANG_WARN_STRICT_PROTOTYPES = YES;
				CLANG_WARN_SUSPICIOUS_MOVE = YES;
				CLANG_WARN_UNGUARDED_AVAILABILITY = YES_AGGRESSIVE;
				CLANG_WARN_UNREACHABLE_CODE = YES;
				CLANG_WARN__DUPLICATE_METHOD_MATCH = YES;
				COPY_PHASE_STRIP = NO;
				DEBUG_INFORMATION_FORMAT = dwarf;
				ENABLE_STRICT_OBJC_MSGSEND = YES;
				ENABLE_TESTABILITY = YES;
				GCC_C_LANGUAGE_STANDARD = gnu11;
				GCC_DYNAMIC_NO_PIC = NO;
				GCC_NO_COMMON_BLOCKS = YES;
				GCC_OPTIMIZATION_LEVEL = 0;
				GCC_PREPROCESSOR_DEFINITIONS = (
					"DEBUG=1",
					"$(inherited)",
				);
				GCC_WARN_64_TO_32_BIT_CONVERSION = YES;
				GCC_WARN_ABOUT_RETURN_TYPE = YES_ERROR;
				GCC_WARN_UNDECLARED_SELECTOR = YES;
				GCC_WARN_UNINITIALIZED_AUTOS = YES_AGGRESSIVE;
				GCC_WARN_UNUSED_FUNCTION = YES;
				GCC_WARN_UNUSED_VARIABLE = YES;
				MACOSX_DEPLOYMENT_TARGET = 11.0;
				MTL_ENABLE_DEBUG_INFO = INCLUDE_SOURCE;
				MTL_FAST_MATH = YES;
				ONLY_ACTIVE_ARCH = YES;
				SDKROOT = macosx;
				SWIFT_ACTIVE_COMPILATION_CONDITIONS = DEBUG;
				SWIFT_OPTIMIZATION_LEVEL = "-Onone";
			};
			name = Debug;
		};
		FE7273BF2586E4BC00439DBC /* Release */ = {
			isa = XCBuildConfiguration;
			buildSettings = {
				ALWAYS_SEARCH_USER_PATHS = NO;
				CLANG_ANALYZER_NONNULL = YES;
				CLANG_ANALYZER_NUMBER_OBJECT_CONVERSION = YES_AGGRESSIVE;
				CLANG_CXX_LANGUAGE_STANDARD = "gnu++14";
				CLANG_CXX_LIBRARY = "libc++";
				CLANG_ENABLE_MODULES = YES;
				CLANG_ENABLE_OBJC_ARC = YES;
				CLANG_ENABLE_OBJC_WEAK = YES;
				CLANG_WARN_BLOCK_CAPTURE_AUTORELEASING = YES;
				CLANG_WARN_BOOL_CONVERSION = YES;
				CLANG_WARN_COMMA = YES;
				CLANG_WARN_CONSTANT_CONVERSION = YES;
				CLANG_WARN_DEPRECATED_OBJC_IMPLEMENTATIONS = YES;
				CLANG_WARN_DIRECT_OBJC_ISA_USAGE = YES_ERROR;
				CLANG_WARN_DOCUMENTATION_COMMENTS = YES;
				CLANG_WARN_EMPTY_BODY = YES;
				CLANG_WARN_ENUM_CONVERSION = YES;
				CLANG_WARN_INFINITE_RECURSION = YES;
				CLANG_WARN_INT_CONVERSION = YES;
				CLANG_WARN_NON_LITERAL_NULL_CONVERSION = YES;
				CLANG_WARN_OBJC_IMPLICIT_RETAIN_SELF = YES;
				CLANG_WARN_OBJC_LITERAL_CONVERSION = YES;
				CLANG_WARN_OBJC_ROOT_CLASS = YES_ERROR;
				CLANG_WARN_QUOTED_INCLUDE_IN_FRAMEWORK_HEADER = YES;
				CLANG_WARN_RANGE_LOOP_ANALYSIS = YES;
				CLANG_WARN_STRICT_PROTOTYPES = YES;
				CLANG_WARN_SUSPICIOUS_MOVE = YES;
				CLANG_WARN_UNGUARDED_AVAILABILITY = YES_AGGRESSIVE;
				CLANG_WARN_UNREACHABLE_CODE = YES;
				CLANG_WARN__DUPLICATE_METHOD_MATCH = YES;
				COPY_PHASE_STRIP = NO;
				DEBUG_INFORMATION_FORMAT = "dwarf-with-dsym";
				ENABLE_NS_ASSERTIONS = NO;
				ENABLE_STRICT_OBJC_MSGSEND = YES;
				GCC_C_LANGUAGE_STANDARD = gnu11;
				GCC_NO_COMMON_BLOCKS = YES;
				GCC_WARN_64_TO_32_BIT_CONVERSION = YES;
				GCC_WARN_ABOUT_RETURN_TYPE = YES_ERROR;
				GCC_WARN_UNDECLARED_SELECTOR = YES;
				GCC_WARN_UNINITIALIZED_AUTOS = YES_AGGRESSIVE;
				GCC_WARN_UNUSED_FUNCTION = YES;
				GCC_WARN_UNUSED_VARIABLE = YES;
				MACOSX_DEPLOYMENT_TARGET = 11.0;
				MTL_ENABLE_DEBUG_INFO = NO;
				MTL_FAST_MATH = YES;
				SDKROOT = macosx;
				SWIFT_COMPILATION_MODE = wholemodule;
				SWIFT_OPTIMIZATION_LEVEL = "-O";
			};
			name = Release;
		};
		FE7273C12586E4BC00439DBC /* Debug */ = {
			isa = XCBuildConfiguration;
			buildSettings = {
				ASSETCATALOG_COMPILER_APPICON_NAME = AppIcon;
				ASSETCATALOG_COMPILER_GLOBAL_ACCENT_COLOR_NAME = AccentColor;
				CODE_SIGN_ENTITLEMENTS = Nimander/Nimander.entitlements;
				CODE_SIGN_STYLE = Automatic;
				COMBINE_HIDPI_IMAGES = YES;
				DEVELOPMENT_ASSET_PATHS = "\"Nimander/Preview Content\"";
				DEVELOPMENT_TEAM = "";
				ENABLE_HARDENED_RUNTIME = YES;
				ENABLE_PREVIEWS = YES;
				INFOPLIST_FILE = Nimander/Support/Info.plist;
				LD_RUNPATH_SEARCH_PATHS = (
					"$(inherited)",
					"@executable_path/../Frameworks",
				);
				MACOSX_DEPLOYMENT_TARGET = 11.2;
				PRODUCT_BUNDLE_IDENTIFIER = com.codecentric.Nimander;
				PRODUCT_NAME = "$(TARGET_NAME)";
				SWIFT_VERSION = 5.0;
			};
			name = Debug;
		};
		FE7273C22586E4BC00439DBC /* Release */ = {
			isa = XCBuildConfiguration;
			buildSettings = {
				ASSETCATALOG_COMPILER_APPICON_NAME = AppIcon;
				ASSETCATALOG_COMPILER_GLOBAL_ACCENT_COLOR_NAME = AccentColor;
				CODE_SIGN_ENTITLEMENTS = Nimander/Nimander.entitlements;
				CODE_SIGN_STYLE = Automatic;
				COMBINE_HIDPI_IMAGES = YES;
				DEVELOPMENT_ASSET_PATHS = "\"Nimander/Preview Content\"";
				DEVELOPMENT_TEAM = "";
				ENABLE_HARDENED_RUNTIME = YES;
				ENABLE_PREVIEWS = YES;
				INFOPLIST_FILE = Nimander/Support/Info.plist;
				LD_RUNPATH_SEARCH_PATHS = (
					"$(inherited)",
					"@executable_path/../Frameworks",
				);
				MACOSX_DEPLOYMENT_TARGET = 11.2;
				PRODUCT_BUNDLE_IDENTIFIER = com.codecentric.Nimander;
				PRODUCT_NAME = "$(TARGET_NAME)";
				SWIFT_VERSION = 5.0;
			};
			name = Release;
		};
		FE7273C42586E4BC00439DBC /* Debug */ = {
			isa = XCBuildConfiguration;
			buildSettings = {
				ALWAYS_EMBED_SWIFT_STANDARD_LIBRARIES = YES;
				BUNDLE_LOADER = "$(TEST_HOST)";
				CODE_SIGN_STYLE = Automatic;
				COMBINE_HIDPI_IMAGES = YES;
				DEVELOPMENT_TEAM = 3SLP9V722H;
				INFOPLIST_FILE = NimanderTests/Info.plist;
				LD_RUNPATH_SEARCH_PATHS = (
					"$(inherited)",
					"@executable_path/../Frameworks",
					"@loader_path/../Frameworks",
				);
				MACOSX_DEPLOYMENT_TARGET = 11.0;
				PRODUCT_BUNDLE_IDENTIFIER = com.codecentric.Nimander.NimanderTests;
				PRODUCT_NAME = "$(TARGET_NAME)";
				SWIFT_VERSION = 5.0;
				TEST_HOST = "$(BUILT_PRODUCTS_DIR)/Nimander.app/Contents/MacOS/Nimander";
			};
			name = Debug;
		};
		FE7273C52586E4BC00439DBC /* Release */ = {
			isa = XCBuildConfiguration;
			buildSettings = {
				ALWAYS_EMBED_SWIFT_STANDARD_LIBRARIES = YES;
				BUNDLE_LOADER = "$(TEST_HOST)";
				CODE_SIGN_STYLE = Automatic;
				COMBINE_HIDPI_IMAGES = YES;
				DEVELOPMENT_TEAM = 3SLP9V722H;
				INFOPLIST_FILE = NimanderTests/Info.plist;
				LD_RUNPATH_SEARCH_PATHS = (
					"$(inherited)",
					"@executable_path/../Frameworks",
					"@loader_path/../Frameworks",
				);
				MACOSX_DEPLOYMENT_TARGET = 11.0;
				PRODUCT_BUNDLE_IDENTIFIER = com.codecentric.Nimander.NimanderTests;
				PRODUCT_NAME = "$(TARGET_NAME)";
				SWIFT_VERSION = 5.0;
				TEST_HOST = "$(BUILT_PRODUCTS_DIR)/Nimander.app/Contents/MacOS/Nimander";
			};
			name = Release;
		};
		FE7273C72586E4BC00439DBC /* Debug */ = {
			isa = XCBuildConfiguration;
			buildSettings = {
				ALWAYS_EMBED_SWIFT_STANDARD_LIBRARIES = YES;
				CODE_SIGN_STYLE = Automatic;
				COMBINE_HIDPI_IMAGES = YES;
				DEVELOPMENT_TEAM = 3SLP9V722H;
				INFOPLIST_FILE = NimanderUITests/Info.plist;
				LD_RUNPATH_SEARCH_PATHS = (
					"$(inherited)",
					"@executable_path/../Frameworks",
					"@loader_path/../Frameworks",
				);
				PRODUCT_BUNDLE_IDENTIFIER = com.codecentric.Nimander.NimanderUITests;
				PRODUCT_NAME = "$(TARGET_NAME)";
				SWIFT_VERSION = 5.0;
				TEST_TARGET_NAME = Nimander;
			};
			name = Debug;
		};
		FE7273C82586E4BC00439DBC /* Release */ = {
			isa = XCBuildConfiguration;
			buildSettings = {
				ALWAYS_EMBED_SWIFT_STANDARD_LIBRARIES = YES;
				CODE_SIGN_STYLE = Automatic;
				COMBINE_HIDPI_IMAGES = YES;
				DEVELOPMENT_TEAM = 3SLP9V722H;
				INFOPLIST_FILE = NimanderUITests/Info.plist;
				LD_RUNPATH_SEARCH_PATHS = (
					"$(inherited)",
					"@executable_path/../Frameworks",
					"@loader_path/../Frameworks",
				);
				PRODUCT_BUNDLE_IDENTIFIER = com.codecentric.Nimander.NimanderUITests;
				PRODUCT_NAME = "$(TARGET_NAME)";
				SWIFT_VERSION = 5.0;
				TEST_TARGET_NAME = Nimander;
			};
			name = Release;
		};
/* End XCBuildConfiguration section */

/* Begin XCConfigurationList section */
		FE7273952586E4BB00439DBC /* Build configuration list for PBXProject "Nimander" */ = {
			isa = XCConfigurationList;
			buildConfigurations = (
				FE7273BE2586E4BC00439DBC /* Debug */,
				FE7273BF2586E4BC00439DBC /* Release */,
			);
			defaultConfigurationIsVisible = 0;
			defaultConfigurationName = Release;
		};
		FE7273C02586E4BC00439DBC /* Build configuration list for PBXNativeTarget "Nimander" */ = {
			isa = XCConfigurationList;
			buildConfigurations = (
				FE7273C12586E4BC00439DBC /* Debug */,
				FE7273C22586E4BC00439DBC /* Release */,
			);
			defaultConfigurationIsVisible = 0;
			defaultConfigurationName = Release;
		};
		FE7273C32586E4BC00439DBC /* Build configuration list for PBXNativeTarget "NimanderTests" */ = {
			isa = XCConfigurationList;
			buildConfigurations = (
				FE7273C42586E4BC00439DBC /* Debug */,
				FE7273C52586E4BC00439DBC /* Release */,
			);
			defaultConfigurationIsVisible = 0;
			defaultConfigurationName = Release;
		};
		FE7273C62586E4BC00439DBC /* Build configuration list for PBXNativeTarget "NimanderUITests" */ = {
			isa = XCConfigurationList;
			buildConfigurations = (
				FE7273C72586E4BC00439DBC /* Debug */,
				FE7273C82586E4BC00439DBC /* Release */,
			);
			defaultConfigurationIsVisible = 0;
			defaultConfigurationName = Release;
		};
/* End XCConfigurationList section */

/* Begin XCSwiftPackageProductDependency section */
		FE8EA11F2788CA81008BBCCD /* BookmarkClient */ = {
			isa = XCSwiftPackageProductDependency;
			productName = BookmarkClient;
		};
/* End XCSwiftPackageProductDependency section */
	};
	rootObject = FE7273922586E4BB00439DBC /* Project object */;
}
